
Microsoft Visual Studio Solution File, Format Version 12.00
# Visual Studio Version 17
VisualStudioVersion = 17.5.33530.505
MinimumVisualStudioVersion = 10.0.40219.1
Project("{FAE04EC0-301F-11D3-BF4B-00C04F79EFBC}") = "ConsoleApp1", "ConsoleApp1\ConsoleApp1.csproj", "{F4EC1981-BD46-48FC-B4DA-DA13FA507EA7}"
EndProject
Global
	GlobalSection(SolutionConfigurationPlatforms) = preSolution
		Debug|Any CPU = Debug|Any CPU
		Release|Any CPU = Release|Any CPU
	EndGlobalSection
	GlobalSection(ProjectConfigurationPlatforms) = postSolution
		{F4EC1981-BD46-48FC-B4DA-DA13FA507EA7}.Debug|Any CPU.ActiveCfg = Debug|Any CPU
		{F4EC1981-BD46-48FC-B4DA-DA13FA507EA7}.Debug|Any CPU.Build.0 = Debug|Any CPU
		{F4EC1981-BD46-48FC-B4DA-DA13FA507EA7}.Release|Any CPU.ActiveCfg = Release|Any CPU
		{F4EC1981-BD46-48FC-B4DA-DA13FA507EA7}.Release|Any CPU.Build.0 = Release|Any CPU
	EndGlobalSection
	GlobalSection(SolutionProperties) = preSolution
		HideSolutionNode = FALSE
	EndGlobalSection
	GlobalSection(ExtensibilityGlobals) = postSolution
		SolutionGuid = {C088E1AF-4D32-4814-9F30-E39CC00D18CC}
	EndGlobalSection
EndGlobal
